<?xml version="1.0" encoding="utf-8"?>
<Project ToolsVersion="4.0" xmlns="http://schemas.microsoft.com/developer/msbuild/2003">
  <ItemGroup>
    <Filter Include="[Level2]">
      <UniqueIdentifier>{deda1ebe-1698-4226-ba4f-426e7c554ddf}</UniqueIdentifier>
    </Filter>
  </ItemGroup>
  <ItemGroup>
    <ClCompile Include="[Level2]\[1차] 프렌즈4블록%28구현%29.cpp">
      <Filter>[Level2]</Filter>
    </ClCompile>
    <ClCompile Include="[Level2]\[3차] n진수 게임%28구현%29.cpp">
      <Filter>[Level2]</Filter>
    </ClCompile>
    <ClCompile Include="[Level2]\[3차] 압축%28구현%29.cpp">
      <Filter>[Level2]</Filter>
    </ClCompile>
    <ClCompile Include="[Level2]\[3차] 파일명 정렬%28사용자 임의 Sort 함수%29.cpp">
      <Filter>[Level2]</Filter>
    </ClCompile>
    <ClCompile Include="[Level2]\2 x n 타일링%28dp문제%29.cpp">
      <Filter>[Level2]</Filter>
    </ClCompile>
    <ClCompile Include="[Level2]\k진수에서 소수 개수 구하기%28소수 구하기, n차 변환%29.cpp">
      <Filter>[Level2]</Filter>
    </ClCompile>
    <ClCompile Include="[Level2]\더 맵게%28우선수위 큐%29.cpp">
      <Filter>[Level2]</Filter>
    </ClCompile>
    <ClCompile Include="[Level2]\뒤에 있는 큰 수 찾기%28stack, 이중순회%29.cpp">
      <Filter>[Level2]</Filter>
    </ClCompile>
    <ClCompile Include="[Level2]\땅따먹기%28dp, 완전탐색X%29.cpp">
      <Filter>[Level2]</Filter>
    </ClCompile>
    <ClCompile Include="[Level2]\롤케이크 자르기%28이중 순회X%29.cpp">
      <Filter>[Level2]</Filter>
    </ClCompile>
    <ClCompile Include="[Level2]\모음사전%28완전탐색, DFS%29.cpp">
      <Filter>[Level2]</Filter>
    </ClCompile>
    <ClCompile Include="[Level2]\방문 길이%28사용자 자료형, 좌표%29.cpp">
      <Filter>[Level2]</Filter>
    </ClCompile>
    <ClCompile Include="[Level2]\숫자 변환하기%28BFS, 하향식 계산%29.cpp">
      <Filter>[Level2]</Filter>
    </ClCompile>
    <ClCompile Include="[Level2]\스킬트리%28string 문자 찾는 find 함수 활용%29.cpp">
      <Filter>[Level2]</Filter>
    </ClCompile>
    <ClCompile Include="[Level2]\오픈채팅방%28구현, 문자열 쪼개기%29.cpp">
      <Filter>[Level2]</Filter>
    </ClCompile>
    <ClCompile Include="[Level2]\주차 요금 계산%28구현%29.cpp">
      <Filter>[Level2]</Filter>
    </ClCompile>
    <ClCompile Include="[Level2]\택배상자%28stack%29.cpp">
      <Filter>[Level2]</Filter>
    </ClCompile>
    <ClCompile Include="[Level2]\2개 이하로 다른 비트%28비트연산%29.cpp">
      <Filter>[Level2]</Filter>
    </ClCompile>
    <ClCompile Include="[Level2]\다리를 지나는 트럭%28queue, 구현%29.cpp">
      <Filter>[Level2]</Filter>
    </ClCompile>
    <ClCompile Include="[Level2]\두 큐 합 같게 만들기%28구현, limit 조건%29.cpp">
      <Filter>[Level2]</Filter>
    </ClCompile>
    <ClCompile Include="[Level2]\소수 찾기%28재귀%29.cpp">
      <Filter>[Level2]</Filter>
    </ClCompile>
    <ClCompile Include="[Level2]\쿼드압축 후 개수 세기%28DFS, 구현%29.cpp">
      <Filter>[Level2]</Filter>
    </ClCompile>
    <ClCompile Include="[Level2]\N-Queen%28DFS, 백트래킹%29.cpp">
      <Filter>[Level2]</Filter>
    </ClCompile>
    <ClCompile Include="[Level2]\124 나라의 숫자%28dp, 재귀%29.cpp">
      <Filter>[Level2]</Filter>
    </ClCompile>
    <ClCompile Include="[Level2]\마법의 엘리베이터%28자리수 관련 문제%29.cpp">
      <Filter>[Level2]</Filter>
    </ClCompile>
    <ClCompile Include="[Level2]\삼각 달팽이%28구현%29.cpp">
      <Filter>[Level2]</Filter>
    </ClCompile>
    <ClCompile Include="[Level2]\시소 짝꿍%28조합, 이중 순회%29.cpp">
      <Filter>[Level2]</Filter>
    </ClCompile>
    <ClCompile Include="[Level2]\연속된 부분 수열의 합%28queue%29.cpp">
      <Filter>[Level2]</Filter>
    </ClCompile>
    <ClCompile Include="[Level2]\전력망을 둘로 나누기%28BFS, 완전탐색%29.cpp">
      <Filter>[Level2]</Filter>
    </ClCompile>
    <ClCompile Include="[Level2]\큰 수 만들기(그리디, 순회 stack 이용).cpp">
      <Filter>[Level2]</Filter>
    </ClCompile>
    <ClCompile Include="[Level2]\호텔 대실%28구현, queue%29.cpp">
      <Filter>[Level2]</Filter>
    </ClCompile>
  </ItemGroup>
</Project>